
Microsoft Visual Studio Solution File, Format Version 12.00
# Visual Studio Version 17
VisualStudioVersion = 17.6.33829.357
MinimumVisualStudioVersion = 10.0.40219.1
Project("{FAE04EC0-301F-11D3-BF4B-00C04F79EFBC}") = "DatabaseEasyTool", "DatabaseEasyTool\DatabaseEasyTool.csproj", "{C3A75CE8-28C7-4456-BC7E-4A5DBF81F117}"
EndProject
Global
	GlobalSection(SolutionConfigurationPlatforms) = preSolution
		Debug|Any CPU = Debug|Any CPU
		Release|Any CPU = Release|Any CPU
	EndGlobalSection
	GlobalSection(ProjectConfigurationPlatforms) = postSolution
		{C3A75CE8-28C7-4456-BC7E-4A5DBF81F117}.Debug|Any CPU.ActiveCfg = Debug|Any CPU
		{C3A75CE8-28C7-4456-BC7E-4A5DBF81F117}.Debug|Any CPU.Build.0 = Debug|Any CPU
		{C3A75CE8-28C7-4456-BC7E-4A5DBF81F117}.Release|Any CPU.ActiveCfg = Release|Any CPU
		{C3A75CE8-28C7-4456-BC7E-4A5DBF81F117}.Release|Any CPU.Build.0 = Release|Any CPU
	EndGlobalSection
	GlobalSection(SolutionProperties) = preSolution
		HideSolutionNode = FALSE
	EndGlobalSection
	GlobalSection(ExtensibilityGlobals) = postSolution
		SolutionGuid = {CAC70E70-6569-4BB6-AA48-ED92CC82F34D}
	EndGlobalSection
EndGlobal
